
Microsoft Visual Studio Solution File, Format Version 12.00
# Visual Studio 15
VisualStudioVersion = 15.0.26124.0
MinimumVisualStudioVersion = 15.0.26124.0
Project("{FAE04EC0-301F-11D3-BF4B-00C04F79EFBC}") = "design-pattern-strategy", "design-pattern-strategy\design-pattern-strategy.csproj", "{CAC7B4B2-E53C-4C87-A767-752F8834F14F}"
EndProject
Project("{FAE04EC0-301F-11D3-BF4B-00C04F79EFBC}") = "design-pattern-strategy-tests", "design-pattern-strategy-tests\design-pattern-strategy-tests.csproj", "{CD033403-D983-4239-9528-E704003D2FA1}"
EndProject
Global
	GlobalSection(SolutionConfigurationPlatforms) = preSolution
		Debug|Any CPU = Debug|Any CPU
		Debug|x64 = Debug|x64
		Debug|x86 = Debug|x86
		Release|Any CPU = Release|Any CPU
		Release|x64 = Release|x64
		Release|x86 = Release|x86
	EndGlobalSection
	GlobalSection(SolutionProperties) = preSolution
		HideSolutionNode = FALSE
	EndGlobalSection
	GlobalSection(ProjectConfigurationPlatforms) = postSolution
		{CAC7B4B2-E53C-4C87-A767-752F8834F14F}.Debug|Any CPU.ActiveCfg = Debug|Any CPU
		{CAC7B4B2-E53C-4C87-A767-752F8834F14F}.Debug|Any CPU.Build.0 = Debug|Any CPU
		{CAC7B4B2-E53C-4C87-A767-752F8834F14F}.Debug|x64.ActiveCfg = Debug|Any CPU
		{CAC7B4B2-E53C-4C87-A767-752F8834F14F}.Debug|x64.Build.0 = Debug|Any CPU
		{CAC7B4B2-E53C-4C87-A767-752F8834F14F}.Debug|x86.ActiveCfg = Debug|Any CPU
		{CAC7B4B2-E53C-4C87-A767-752F8834F14F}.Debug|x86.Build.0 = Debug|Any CPU
		{CAC7B4B2-E53C-4C87-A767-752F8834F14F}.Release|Any CPU.ActiveCfg = Release|Any CPU
		{CAC7B4B2-E53C-4C87-A767-752F8834F14F}.Release|Any CPU.Build.0 = Release|Any CPU
		{CAC7B4B2-E53C-4C87-A767-752F8834F14F}.Release|x64.ActiveCfg = Release|Any CPU
		{CAC7B4B2-E53C-4C87-A767-752F8834F14F}.Release|x64.Build.0 = Release|Any CPU
		{CAC7B4B2-E53C-4C87-A767-752F8834F14F}.Release|x86.ActiveCfg = Release|Any CPU
		{CAC7B4B2-E53C-4C87-A767-752F8834F14F}.Release|x86.Build.0 = Release|Any CPU
		{CD033403-D983-4239-9528-E704003D2FA1}.Debug|Any CPU.ActiveCfg = Debug|Any CPU
		{CD033403-D983-4239-9528-E704003D2FA1}.Debug|Any CPU.Build.0 = Debug|Any CPU
		{CD033403-D983-4239-9528-E704003D2FA1}.Debug|x64.ActiveCfg = Debug|Any CPU
		{CD033403-D983-4239-9528-E704003D2FA1}.Debug|x64.Build.0 = Debug|Any CPU
		{CD033403-D983-4239-9528-E704003D2FA1}.Debug|x86.ActiveCfg = Debug|Any CPU
		{CD033403-D983-4239-9528-E704003D2FA1}.Debug|x86.Build.0 = Debug|Any CPU
		{CD033403-D983-4239-9528-E704003D2FA1}.Release|Any CPU.ActiveCfg = Release|Any CPU
		{CD033403-D983-4239-9528-E704003D2FA1}.Release|Any CPU.Build.0 = Release|Any CPU
		{CD033403-D983-4239-9528-E704003D2FA1}.Release|x64.ActiveCfg = Release|Any CPU
		{CD033403-D983-4239-9528-E704003D2FA1}.Release|x64.Build.0 = Release|Any CPU
		{CD033403-D983-4239-9528-E704003D2FA1}.Release|x86.ActiveCfg = Release|Any CPU
		{CD033403-D983-4239-9528-E704003D2FA1}.Release|x86.Build.0 = Release|Any CPU
	EndGlobalSection
EndGlobal
